
Microsoft Visual Studio Solution File, Format Version 12.00
# Visual Studio 15
VisualStudioVersion = 15.0.28010.2003
MinimumVisualStudioVersion = 10.0.40219.1
Project("{FAE04EC0-301F-11D3-BF4B-00C04F79EFBC}") = "Exercise1", "Exercise1\Exercise1.csproj", "{B94502F2-C8C8-4C3A-B78C-F38341A52547}"
EndProject
Project("{FAE04EC0-301F-11D3-BF4B-00C04F79EFBC}") = "Exercise2", "Exercise2\Exercise2.csproj", "{82B874D1-1505-47D3-B264-37E7A652C1B1}"
EndProject
Project("{FAE04EC0-301F-11D3-BF4B-00C04F79EFBC}") = "Exercise3", "Exercise3\Exercise3.csproj", "{7EB3A6BC-A981-4A9F-8695-D6CFA26C2F24}"
EndProject
Project("{FAE04EC0-301F-11D3-BF4B-00C04F79EFBC}") = "Exercise4", "Exercise4\Exercise4.csproj", "{5F987884-1C15-4417-83EC-D6B916C6D475}"
EndProject
Project("{FAE04EC0-301F-11D3-BF4B-00C04F79EFBC}") = "Exercise5", "..\..\lab3\Exercise6\Exercise5.csproj", "{F572E994-58BE-4AEA-83AA-B87C5C0730D4}"
EndProject
Global
	GlobalSection(SolutionConfigurationPlatforms) = preSolution
		Debug|Any CPU = Debug|Any CPU
		Release|Any CPU = Release|Any CPU
	EndGlobalSection
	GlobalSection(ProjectConfigurationPlatforms) = postSolution
		{B94502F2-C8C8-4C3A-B78C-F38341A52547}.Debug|Any CPU.ActiveCfg = Debug|Any CPU
		{B94502F2-C8C8-4C3A-B78C-F38341A52547}.Debug|Any CPU.Build.0 = Debug|Any CPU
		{B94502F2-C8C8-4C3A-B78C-F38341A52547}.Release|Any CPU.ActiveCfg = Release|Any CPU
		{B94502F2-C8C8-4C3A-B78C-F38341A52547}.Release|Any CPU.Build.0 = Release|Any CPU
		{82B874D1-1505-47D3-B264-37E7A652C1B1}.Debug|Any CPU.ActiveCfg = Debug|Any CPU
		{82B874D1-1505-47D3-B264-37E7A652C1B1}.Debug|Any CPU.Build.0 = Debug|Any CPU
		{82B874D1-1505-47D3-B264-37E7A652C1B1}.Release|Any CPU.ActiveCfg = Release|Any CPU
		{82B874D1-1505-47D3-B264-37E7A652C1B1}.Release|Any CPU.Build.0 = Release|Any CPU
		{7EB3A6BC-A981-4A9F-8695-D6CFA26C2F24}.Debug|Any CPU.ActiveCfg = Debug|Any CPU
		{7EB3A6BC-A981-4A9F-8695-D6CFA26C2F24}.Debug|Any CPU.Build.0 = Debug|Any CPU
		{7EB3A6BC-A981-4A9F-8695-D6CFA26C2F24}.Release|Any CPU.ActiveCfg = Release|Any CPU
		{7EB3A6BC-A981-4A9F-8695-D6CFA26C2F24}.Release|Any CPU.Build.0 = Release|Any CPU
		{5F987884-1C15-4417-83EC-D6B916C6D475}.Debug|Any CPU.ActiveCfg = Debug|Any CPU
		{5F987884-1C15-4417-83EC-D6B916C6D475}.Debug|Any CPU.Build.0 = Debug|Any CPU
		{5F987884-1C15-4417-83EC-D6B916C6D475}.Release|Any CPU.ActiveCfg = Release|Any CPU
		{5F987884-1C15-4417-83EC-D6B916C6D475}.Release|Any CPU.Build.0 = Release|Any CPU
		{F572E994-58BE-4AEA-83AA-B87C5C0730D4}.Debug|Any CPU.ActiveCfg = Debug|Any CPU
		{F572E994-58BE-4AEA-83AA-B87C5C0730D4}.Debug|Any CPU.Build.0 = Debug|Any CPU
		{F572E994-58BE-4AEA-83AA-B87C5C0730D4}.Release|Any CPU.ActiveCfg = Release|Any CPU
		{F572E994-58BE-4AEA-83AA-B87C5C0730D4}.Release|Any CPU.Build.0 = Release|Any CPU
	EndGlobalSection
	GlobalSection(SolutionProperties) = preSolution
		HideSolutionNode = FALSE
	EndGlobalSection
	GlobalSection(ExtensibilityGlobals) = postSolution
		SolutionGuid = {AA6A50B2-A54B-43A6-B669-85FA4C15F34D}
	EndGlobalSection
EndGlobal
